
Microsoft Visual Studio Solution File, Format Version 12.00
# Visual Studio 15
VisualStudioVersion = 15.0.27004.2005
MinimumVisualStudioVersion = 10.0.40219.1
Project("{FAE04EC0-301F-11D3-BF4B-00C04F79EFBC}") = "SimpleThreadingDemo", "SimpleThreadingDemo\SimpleThreadingDemo.csproj", "{81E1D1A5-1152-494E-BC70-4C5CD28B59CA}"
EndProject
Project("{FAE04EC0-301F-11D3-BF4B-00C04F79EFBC}") = "SingleInstance", "SingleInstance\SingleInstance.csproj", "{B0084C01-38CC-40F1-927D-523628FF42FB}"
EndProject
Project("{FAE04EC0-301F-11D3-BF4B-00C04F79EFBC}") = "ThreadPoolDemo", "ThreadPoolDemo\ThreadPoolDemo.csproj", "{463CFF4F-6876-4609-82C3-A0074ABFEA78}"
EndProject
Global
	GlobalSection(SolutionConfigurationPlatforms) = preSolution
		Debug|Any CPU = Debug|Any CPU
		Release|Any CPU = Release|Any CPU
	EndGlobalSection
	GlobalSection(ProjectConfigurationPlatforms) = postSolution
		{81E1D1A5-1152-494E-BC70-4C5CD28B59CA}.Debug|Any CPU.ActiveCfg = Debug|Any CPU
		{81E1D1A5-1152-494E-BC70-4C5CD28B59CA}.Debug|Any CPU.Build.0 = Debug|Any CPU
		{81E1D1A5-1152-494E-BC70-4C5CD28B59CA}.Release|Any CPU.ActiveCfg = Release|Any CPU
		{81E1D1A5-1152-494E-BC70-4C5CD28B59CA}.Release|Any CPU.Build.0 = Release|Any CPU
		{B0084C01-38CC-40F1-927D-523628FF42FB}.Debug|Any CPU.ActiveCfg = Debug|Any CPU
		{B0084C01-38CC-40F1-927D-523628FF42FB}.Debug|Any CPU.Build.0 = Debug|Any CPU
		{B0084C01-38CC-40F1-927D-523628FF42FB}.Release|Any CPU.ActiveCfg = Release|Any CPU
		{B0084C01-38CC-40F1-927D-523628FF42FB}.Release|Any CPU.Build.0 = Release|Any CPU
		{463CFF4F-6876-4609-82C3-A0074ABFEA78}.Debug|Any CPU.ActiveCfg = Debug|Any CPU
		{463CFF4F-6876-4609-82C3-A0074ABFEA78}.Debug|Any CPU.Build.0 = Debug|Any CPU
		{463CFF4F-6876-4609-82C3-A0074ABFEA78}.Release|Any CPU.ActiveCfg = Release|Any CPU
		{463CFF4F-6876-4609-82C3-A0074ABFEA78}.Release|Any CPU.Build.0 = Release|Any CPU
	EndGlobalSection
	GlobalSection(SolutionProperties) = preSolution
		HideSolutionNode = FALSE
	EndGlobalSection
	GlobalSection(ExtensibilityGlobals) = postSolution
		SolutionGuid = {4B9E1863-B0E6-442F-AF44-4A6649B64CF7}
	EndGlobalSection
EndGlobal
